# This file is generated by running "yarn install" inside your project.
# Manual changes might be lost - proceed with caution!

__metadata:
  version: 6
  cacheKey: 8

"strip-comments-test@workspace:.":
  version: 0.0.0-use.local
  resolution: "strip-comments-test@workspace:."
  dependencies:
    strip-comments: 2.0.1
  languageName: unknown
  linkType: soft

"strip-comments@npm:2.0.1":
  version: 2.0.1
  resolution: "strip-comments@npm:2.0.1"
  checksum: 36cd122e1c27b5be69df87e1687770a62fe183bdee9f3ff5cf85d30bbc98280afc012581f2fd50c7ad077c90f656f272560c9d2e520d28604b8b7ea3bc87d6f9
  languageName: node
  linkType: hard
